
Microsoft Visual Studio Solution File, Format Version 12.00
# Visual Studio 2013
VisualStudioVersion = 12.0.31101.0
MinimumVisualStudioVersion = 10.0.40219.1
Project("{FAE04EC0-301F-11D3-BF4B-00C04F79EFBC}") = "01.School", "ExerciseOne\01.School.csproj", "{D4E20C7E-1FE2-4013-9C57-B9499D57A64B}"
EndProject
Project("{FAE04EC0-301F-11D3-BF4B-00C04F79EFBC}") = "02.ExerciseTwo", "ExerciseTwo\02.ExerciseTwo.csproj", "{3C3177CF-980C-41E2-AD7B-9B8F93DE1306}"
EndProject
Project("{FAE04EC0-301F-11D3-BF4B-00C04F79EFBC}") = "03.Animals", "Animals\03.Animals.csproj", "{59364862-63ED-49B4-A0D5-C9DF4855111C}"
EndProject
Global
	GlobalSection(SolutionConfigurationPlatforms) = preSolution
		Debug|Any CPU = Debug|Any CPU
		Release|Any CPU = Release|Any CPU
	EndGlobalSection
	GlobalSection(ProjectConfigurationPlatforms) = postSolution
		{D4E20C7E-1FE2-4013-9C57-B9499D57A64B}.Debug|Any CPU.ActiveCfg = Debug|Any CPU
		{D4E20C7E-1FE2-4013-9C57-B9499D57A64B}.Debug|Any CPU.Build.0 = Debug|Any CPU
		{D4E20C7E-1FE2-4013-9C57-B9499D57A64B}.Release|Any CPU.ActiveCfg = Release|Any CPU
		{D4E20C7E-1FE2-4013-9C57-B9499D57A64B}.Release|Any CPU.Build.0 = Release|Any CPU
		{3C3177CF-980C-41E2-AD7B-9B8F93DE1306}.Debug|Any CPU.ActiveCfg = Debug|Any CPU
		{3C3177CF-980C-41E2-AD7B-9B8F93DE1306}.Debug|Any CPU.Build.0 = Debug|Any CPU
		{3C3177CF-980C-41E2-AD7B-9B8F93DE1306}.Release|Any CPU.ActiveCfg = Release|Any CPU
		{3C3177CF-980C-41E2-AD7B-9B8F93DE1306}.Release|Any CPU.Build.0 = Release|Any CPU
		{59364862-63ED-49B4-A0D5-C9DF4855111C}.Debug|Any CPU.ActiveCfg = Debug|Any CPU
		{59364862-63ED-49B4-A0D5-C9DF4855111C}.Debug|Any CPU.Build.0 = Debug|Any CPU
		{59364862-63ED-49B4-A0D5-C9DF4855111C}.Release|Any CPU.ActiveCfg = Release|Any CPU
		{59364862-63ED-49B4-A0D5-C9DF4855111C}.Release|Any CPU.Build.0 = Release|Any CPU
	EndGlobalSection
	GlobalSection(SolutionProperties) = preSolution
		HideSolutionNode = FALSE
	EndGlobalSection
EndGlobal
