
Microsoft Visual Studio Solution File, Format Version 12.00
# Visual Studio 2012
Project("{FAE04EC0-301F-11D3-BF4B-00C04F79EFBC}") = "Exercises", "ExerciseOne\Exercises.csproj", "{8A30B32A-A978-426B-A3D4-0136DF6ADCAB}"
EndProject
Global
	GlobalSection(SolutionConfigurationPlatforms) = preSolution
		Debug|Any CPU = Debug|Any CPU
		Release|Any CPU = Release|Any CPU
	EndGlobalSection
	GlobalSection(ProjectConfigurationPlatforms) = postSolution
		{8A30B32A-A978-426B-A3D4-0136DF6ADCAB}.Debug|Any CPU.ActiveCfg = Debug|Any CPU
		{8A30B32A-A978-426B-A3D4-0136DF6ADCAB}.Debug|Any CPU.Build.0 = Debug|Any CPU
		{8A30B32A-A978-426B-A3D4-0136DF6ADCAB}.Release|Any CPU.ActiveCfg = Release|Any CPU
		{8A30B32A-A978-426B-A3D4-0136DF6ADCAB}.Release|Any CPU.Build.0 = Release|Any CPU
	EndGlobalSection
	GlobalSection(SolutionProperties) = preSolution
		HideSolutionNode = FALSE
	EndGlobalSection
EndGlobal
