
Microsoft Visual Studio Solution File, Format Version 12.00
# Visual Studio 2013
VisualStudioVersion = 12.0.30501.0
MinimumVisualStudioVersion = 10.0.40219.1
Project("{FAE04EC0-301F-11D3-BF4B-00C04F79EFBC}") = "jQuery-Plugins-Homework", "jQuery-Plugins-Homework\jQuery-Plugins-Homework.csproj", "{A519AA13-BE7C-4E6C-BD78-21BA6B7526DD}"
EndProject
Global
	GlobalSection(SolutionConfigurationPlatforms) = preSolution
		Debug|Any CPU = Debug|Any CPU
		Release|Any CPU = Release|Any CPU
	EndGlobalSection
	GlobalSection(ProjectConfigurationPlatforms) = postSolution
		{A519AA13-BE7C-4E6C-BD78-21BA6B7526DD}.Debug|Any CPU.ActiveCfg = Debug|Any CPU
		{A519AA13-BE7C-4E6C-BD78-21BA6B7526DD}.Debug|Any CPU.Build.0 = Debug|Any CPU
		{A519AA13-BE7C-4E6C-BD78-21BA6B7526DD}.Release|Any CPU.ActiveCfg = Release|Any CPU
		{A519AA13-BE7C-4E6C-BD78-21BA6B7526DD}.Release|Any CPU.Build.0 = Release|Any CPU
	EndGlobalSection
	GlobalSection(SolutionProperties) = preSolution
		HideSolutionNode = FALSE
	EndGlobalSection
EndGlobal
