
Microsoft Visual Studio Solution File, Format Version 12.00
# Visual Studio 2012
Project("{FAE04EC0-301F-11D3-BF4B-00C04F79EFBC}") = "01.MatrixPrinting", "MatrixPrinting\01.MatrixPrinting.csproj", "{932E3BE4-76D1-47D9-8B3E-CA0903EAECDA}"
EndProject
Project("{FAE04EC0-301F-11D3-BF4B-00C04F79EFBC}") = "02.MaximalSum", "MaximalSum\02.MaximalSum.csproj", "{E8738524-06D4-4D15-90FD-4027C43EA163}"
EndProject
Project("{FAE04EC0-301F-11D3-BF4B-00C04F79EFBC}") = "03.SameNeighbourElement", "SameNeighbourElement\03.SameNeighbourElement.csproj", "{21F3D60F-59AD-47A6-A301-771A23112E12}"
EndProject
Project("{FAE04EC0-301F-11D3-BF4B-00C04F79EFBC}") = "04.FindLargestNumber", "FindLargestNumber\04.FindLargestNumber.csproj", "{2E6BAA4A-6DC7-4AD5-B321-91F067D41E58}"
EndProject
Project("{FAE04EC0-301F-11D3-BF4B-00C04F79EFBC}") = "05.SortingByLength", "SortingByLength\05.SortingByLength.csproj", "{2BCAD80C-2A17-4613-9FCE-714C1EB4A811}"
EndProject
Global
	GlobalSection(SolutionConfigurationPlatforms) = preSolution
		Debug|Any CPU = Debug|Any CPU
		Release|Any CPU = Release|Any CPU
	EndGlobalSection
	GlobalSection(ProjectConfigurationPlatforms) = postSolution
		{932E3BE4-76D1-47D9-8B3E-CA0903EAECDA}.Debug|Any CPU.ActiveCfg = Debug|Any CPU
		{932E3BE4-76D1-47D9-8B3E-CA0903EAECDA}.Debug|Any CPU.Build.0 = Debug|Any CPU
		{932E3BE4-76D1-47D9-8B3E-CA0903EAECDA}.Release|Any CPU.ActiveCfg = Release|Any CPU
		{932E3BE4-76D1-47D9-8B3E-CA0903EAECDA}.Release|Any CPU.Build.0 = Release|Any CPU
		{E8738524-06D4-4D15-90FD-4027C43EA163}.Debug|Any CPU.ActiveCfg = Debug|Any CPU
		{E8738524-06D4-4D15-90FD-4027C43EA163}.Debug|Any CPU.Build.0 = Debug|Any CPU
		{E8738524-06D4-4D15-90FD-4027C43EA163}.Release|Any CPU.ActiveCfg = Release|Any CPU
		{E8738524-06D4-4D15-90FD-4027C43EA163}.Release|Any CPU.Build.0 = Release|Any CPU
		{21F3D60F-59AD-47A6-A301-771A23112E12}.Debug|Any CPU.ActiveCfg = Debug|Any CPU
		{21F3D60F-59AD-47A6-A301-771A23112E12}.Debug|Any CPU.Build.0 = Debug|Any CPU
		{21F3D60F-59AD-47A6-A301-771A23112E12}.Release|Any CPU.ActiveCfg = Release|Any CPU
		{21F3D60F-59AD-47A6-A301-771A23112E12}.Release|Any CPU.Build.0 = Release|Any CPU
		{2E6BAA4A-6DC7-4AD5-B321-91F067D41E58}.Debug|Any CPU.ActiveCfg = Debug|Any CPU
		{2E6BAA4A-6DC7-4AD5-B321-91F067D41E58}.Debug|Any CPU.Build.0 = Debug|Any CPU
		{2E6BAA4A-6DC7-4AD5-B321-91F067D41E58}.Release|Any CPU.ActiveCfg = Release|Any CPU
		{2E6BAA4A-6DC7-4AD5-B321-91F067D41E58}.Release|Any CPU.Build.0 = Release|Any CPU
		{2BCAD80C-2A17-4613-9FCE-714C1EB4A811}.Debug|Any CPU.ActiveCfg = Debug|Any CPU
		{2BCAD80C-2A17-4613-9FCE-714C1EB4A811}.Debug|Any CPU.Build.0 = Debug|Any CPU
		{2BCAD80C-2A17-4613-9FCE-714C1EB4A811}.Release|Any CPU.ActiveCfg = Release|Any CPU
		{2BCAD80C-2A17-4613-9FCE-714C1EB4A811}.Release|Any CPU.Build.0 = Release|Any CPU
	EndGlobalSection
	GlobalSection(SolutionProperties) = preSolution
		HideSolutionNode = FALSE
	EndGlobalSection
EndGlobal
