
Microsoft Visual Studio Solution File, Format Version 12.00
# Visual Studio 2013
VisualStudioVersion = 12.0.30723.0
MinimumVisualStudioVersion = 10.0.40219.1
Project("{FAE04EC0-301F-11D3-BF4B-00C04F79EFBC}") = "DatabaseFirst", "DatabaseFirst\DatabaseFirst.csproj", "{F40B8B82-C876-4752-9BA2-39A2D5F508F8}"
EndProject
Project("{FAE04EC0-301F-11D3-BF4B-00C04F79EFBC}") = "DataAccess", "DataAccess\DataAccess.csproj", "{65F33E73-6205-4663-96DF-C705B48AB2C3}"
EndProject
Global
	GlobalSection(SolutionConfigurationPlatforms) = preSolution
		Debug|Any CPU = Debug|Any CPU
		Release|Any CPU = Release|Any CPU
	EndGlobalSection
	GlobalSection(ProjectConfigurationPlatforms) = postSolution
		{F40B8B82-C876-4752-9BA2-39A2D5F508F8}.Debug|Any CPU.ActiveCfg = Debug|Any CPU
		{F40B8B82-C876-4752-9BA2-39A2D5F508F8}.Debug|Any CPU.Build.0 = Debug|Any CPU
		{F40B8B82-C876-4752-9BA2-39A2D5F508F8}.Release|Any CPU.ActiveCfg = Release|Any CPU
		{F40B8B82-C876-4752-9BA2-39A2D5F508F8}.Release|Any CPU.Build.0 = Release|Any CPU
		{65F33E73-6205-4663-96DF-C705B48AB2C3}.Debug|Any CPU.ActiveCfg = Debug|Any CPU
		{65F33E73-6205-4663-96DF-C705B48AB2C3}.Debug|Any CPU.Build.0 = Debug|Any CPU
		{65F33E73-6205-4663-96DF-C705B48AB2C3}.Release|Any CPU.ActiveCfg = Release|Any CPU
		{65F33E73-6205-4663-96DF-C705B48AB2C3}.Release|Any CPU.Build.0 = Release|Any CPU
	EndGlobalSection
	GlobalSection(SolutionProperties) = preSolution
		HideSolutionNode = FALSE
	EndGlobalSection
EndGlobal
