
Microsoft Visual Studio Solution File, Format Version 12.00
# Visual Studio 2013
VisualStudioVersion = 12.0.30723.0
MinimumVisualStudioVersion = 10.0.40219.1
Project("{FAE04EC0-301F-11D3-BF4B-00C04F79EFBC}") = "Chat.Models", "Chat.Models\Chat.Models.csproj", "{8FCABBDF-416D-46C9-94D3-2102AE03F0EE}"
EndProject
Project("{FAE04EC0-301F-11D3-BF4B-00C04F79EFBC}") = "Chat.Data", "Chat.Data\Chat.Data.csproj", "{860B0110-19C6-43CB-BC49-A83E3783F936}"
EndProject
Project("{FAE04EC0-301F-11D3-BF4B-00C04F79EFBC}") = "Chat.WPF", "Chat.WPF\Chat.WPF.csproj", "{993BFA24-214D-4F8E-982D-9ABE527CC7A2}"
EndProject
Global
	GlobalSection(SolutionConfigurationPlatforms) = preSolution
		Debug|Any CPU = Debug|Any CPU
		Release|Any CPU = Release|Any CPU
	EndGlobalSection
	GlobalSection(ProjectConfigurationPlatforms) = postSolution
		{8FCABBDF-416D-46C9-94D3-2102AE03F0EE}.Debug|Any CPU.ActiveCfg = Debug|Any CPU
		{8FCABBDF-416D-46C9-94D3-2102AE03F0EE}.Debug|Any CPU.Build.0 = Debug|Any CPU
		{8FCABBDF-416D-46C9-94D3-2102AE03F0EE}.Release|Any CPU.ActiveCfg = Release|Any CPU
		{8FCABBDF-416D-46C9-94D3-2102AE03F0EE}.Release|Any CPU.Build.0 = Release|Any CPU
		{860B0110-19C6-43CB-BC49-A83E3783F936}.Debug|Any CPU.ActiveCfg = Debug|Any CPU
		{860B0110-19C6-43CB-BC49-A83E3783F936}.Debug|Any CPU.Build.0 = Debug|Any CPU
		{860B0110-19C6-43CB-BC49-A83E3783F936}.Release|Any CPU.ActiveCfg = Release|Any CPU
		{860B0110-19C6-43CB-BC49-A83E3783F936}.Release|Any CPU.Build.0 = Release|Any CPU
		{993BFA24-214D-4F8E-982D-9ABE527CC7A2}.Debug|Any CPU.ActiveCfg = Debug|Any CPU
		{993BFA24-214D-4F8E-982D-9ABE527CC7A2}.Debug|Any CPU.Build.0 = Debug|Any CPU
		{993BFA24-214D-4F8E-982D-9ABE527CC7A2}.Release|Any CPU.ActiveCfg = Release|Any CPU
		{993BFA24-214D-4F8E-982D-9ABE527CC7A2}.Release|Any CPU.Build.0 = Release|Any CPU
	EndGlobalSection
	GlobalSection(SolutionProperties) = preSolution
		HideSolutionNode = FALSE
	EndGlobalSection
EndGlobal
